// !$*UTF8*$!
{
	archiveVersion = 1;
	classes = {
	};
	objectVersion = 55;
	objects = {

/* Begin PBXBuildFile section */
		B360AD1137991D14E1E91740 /* Pods_Blm.framework in Frameworks */ = {isa = PBXBuildFile; fileRef = A1D4310CD6725CEBC0A2200D /* Pods_Blm.framework */; };
		CFD4AEC028515B910026277A /* AppDelegate.swift in Sources */ = {isa = PBXBuildFile; fileRef = CFD4AEBF28515B910026277A /* AppDelegate.swift */; };
		CFD4AEC228515B910026277A /* SceneDelegate.swift in Sources */ = {isa = PBXBuildFile; fileRef = CFD4AEC128515B910026277A /* SceneDelegate.swift */; };
		CFD4AEC428515B910026277A /* ViewController.swift in Sources */ = {isa = PBXBuildFile; fileRef = CFD4AEC328515B910026277A /* ViewController.swift */; };
		CFD4AEC728515B910026277A /* Main.storyboard in Resources */ = {isa = PBXBuildFile; fileRef = CFD4AEC528515B910026277A /* Main.storyboard */; };
		CFD4AEC928515B920026277A /* Assets.xcassets in Resources */ = {isa = PBXBuildFile; fileRef = CFD4AEC828515B920026277A /* Assets.xcassets */; };
		CFD4AECC28515B920026277A /* LaunchScreen.storyboard in Resources */ = {isa = PBXBuildFile; fileRef = CFD4AECA28515B920026277A /* LaunchScreen.storyboard */; };
		CFD4AED828515EE70026277A /* OpcionTableViewCell.swift in Sources */ = {isa = PBXBuildFile; fileRef = CFD4AED728515EE70026277A /* OpcionTableViewCell.swift */; };
		CFD4AEDA285163200026277A /* LeerViewController.swift in Sources */ = {isa = PBXBuildFile; fileRef = CFD4AED9285163200026277A /* LeerViewController.swift */; };
		CFD4AEDC285163330026277A /* ProductosViewController.swift in Sources */ = {isa = PBXBuildFile; fileRef = CFD4AEDB285163330026277A /* ProductosViewController.swift */; };
		CFD4AEDE285168730026277A /* MetaModel.swift in Sources */ = {isa = PBXBuildFile; fileRef = CFD4AEDD285168730026277A /* MetaModel.swift */; };
		CFD4AEE0285168F20026277A /* PrincipalViewModel.swift in Sources */ = {isa = PBXBuildFile; fileRef = CFD4AEDF285168F20026277A /* PrincipalViewModel.swift */; };
		CFD4AEE228516B4A0026277A /* PantallaDosViewController.swift in Sources */ = {isa = PBXBuildFile; fileRef = CFD4AEE128516B4A0026277A /* PantallaDosViewController.swift */; };
/* End PBXBuildFile section */

/* Begin PBXFileReference section */
		11691E5C265ABD5F34F04016 /* Pods-Blm.debug.xcconfig */ = {isa = PBXFileReference; includeInIndex = 1; lastKnownFileType = text.xcconfig; name = "Pods-Blm.debug.xcconfig"; path = "Target Support Files/Pods-Blm/Pods-Blm.debug.xcconfig"; sourceTree = "<group>"; };
		A1D4310CD6725CEBC0A2200D /* Pods_Blm.framework */ = {isa = PBXFileReference; explicitFileType = wrapper.framework; includeInIndex = 0; path = Pods_Blm.framework; sourceTree = BUILT_PRODUCTS_DIR; };
		AB13B87FE71C2CBF6C9859E5 /* Pods-Blm.release.xcconfig */ = {isa = PBXFileReference; includeInIndex = 1; lastKnownFileType = text.xcconfig; name = "Pods-Blm.release.xcconfig"; path = "Target Support Files/Pods-Blm/Pods-Blm.release.xcconfig"; sourceTree = "<group>"; };
		CFD4AEBC28515B910026277A /* Blm.app */ = {isa = PBXFileReference; explicitFileType = wrapper.application; includeInIndex = 0; path = Blm.app; sourceTree = BUILT_PRODUCTS_DIR; };
		CFD4AEBF28515B910026277A /* AppDelegate.swift */ = {isa = PBXFileReference; lastKnownFileType = sourcecode.swift; path = AppDelegate.swift; sourceTree = "<group>"; };
		CFD4AEC128515B910026277A /* SceneDelegate.swift */ = {isa = PBXFileReference; lastKnownFileType = sourcecode.swift; path = SceneDelegate.swift; sourceTree = "<group>"; };
		CFD4AEC328515B910026277A /* ViewController.swift */ = {isa = PBXFileReference; lastKnownFileType = sourcecode.swift; path = ViewController.swift; sourceTree = "<group>"; };
		CFD4AEC628515B910026277A /* Base */ = {isa = PBXFileReference; lastKnownFileType = file.storyboard; name = Base; path = Base.lproj/Main.storyboard; sourceTree = "<group>"; };
		CFD4AEC828515B920026277A /* Assets.xcassets */ = {isa = PBXFileReference; lastKnownFileType = folder.assetcatalog; path = Assets.xcassets; sourceTree = "<group>"; };
		CFD4AECB28515B920026277A /* Base */ = {isa = PBXFileReference; lastKnownFileType = file.storyboard; name = Base; path = Base.lproj/LaunchScreen.storyboard; sourceTree = "<group>"; };
		CFD4AECD28515B920026277A /* Info.plist */ = {isa = PBXFileReference; lastKnownFileType = text.plist.xml; path = Info.plist; sourceTree = "<group>"; };
		CFD4AED728515EE70026277A /* OpcionTableViewCell.swift */ = {isa = PBXFileReference; lastKnownFileType = sourcecode.swift; path = OpcionTableViewCell.swift; sourceTree = "<group>"; };
		CFD4AED9285163200026277A /* LeerViewController.swift */ = {isa = PBXFileReference; lastKnownFileType = sourcecode.swift; path = LeerViewController.swift; sourceTree = "<group>"; };
		CFD4AEDB285163330026277A /* ProductosViewController.swift */ = {isa = PBXFileReference; lastKnownFileType = sourcecode.swift; path = ProductosViewController.swift; sourceTree = "<group>"; };
		CFD4AEDD285168730026277A /* MetaModel.swift */ = {isa = PBXFileReference; lastKnownFileType = sourcecode.swift; path = MetaModel.swift; sourceTree = "<group>"; };
		CFD4AEDF285168F20026277A /* PrincipalViewModel.swift */ = {isa = PBXFileReference; lastKnownFileType = sourcecode.swift; path = PrincipalViewModel.swift; sourceTree = "<group>"; };
		CFD4AEE128516B4A0026277A /* PantallaDosViewController.swift */ = {isa = PBXFileReference; lastKnownFileType = sourcecode.swift; path = PantallaDosViewController.swift; sourceTree = "<group>"; };
/* End PBXFileReference section */

/* Begin PBXFrameworksBuildPhase section */
		CFD4AEB928515B910026277A /* Frameworks */ = {
			isa = PBXFrameworksBuildPhase;
			buildActionMask = 2147483647;
			files = (
				B360AD1137991D14E1E91740 /* Pods_Blm.framework in Frameworks */,
			);
			runOnlyForDeploymentPostprocessing = 0;
		};
/* End PBXFrameworksBuildPhase section */

/* Begin PBXGroup section */
		9A935B1F1DD6C738C7BA26A3 /* Frameworks */ = {
			isa = PBXGroup;
			children = (
				A1D4310CD6725CEBC0A2200D /* Pods_Blm.framework */,
			);
			name = Frameworks;
			sourceTree = "<group>";
		};
		CFD4AEB328515B910026277A = {
			isa = PBXGroup;
			children = (
				CFD4AEBE28515B910026277A /* Blm */,
				CFD4AEBD28515B910026277A /* Products */,
				EA2F2898949B1AAE5930E492 /* Pods */,
				9A935B1F1DD6C738C7BA26A3 /* Frameworks */,
			);
			sourceTree = "<group>";
		};
		CFD4AEBD28515B910026277A /* Products */ = {
			isa = PBXGroup;
			children = (
				CFD4AEBC28515B910026277A /* Blm.app */,
			);
			name = Products;
			sourceTree = "<group>";
		};
		CFD4AEBE28515B910026277A /* Blm */ = {
			isa = PBXGroup;
			children = (
				CFD4AED628515E2B0026277A /* Controller */,
				CFD4AED528515E210026277A /* ViewModel */,
				CFD4AED428515E180026277A /* Model */,
				CFD4AED328515E0F0026277A /* View */,
				CFD4AEBF28515B910026277A /* AppDelegate.swift */,
				CFD4AEC128515B910026277A /* SceneDelegate.swift */,
				CFD4AEC828515B920026277A /* Assets.xcassets */,
				CFD4AECA28515B920026277A /* LaunchScreen.storyboard */,
				CFD4AECD28515B920026277A /* Info.plist */,
			);
			path = Blm;
			sourceTree = "<group>";
		};
		CFD4AED328515E0F0026277A /* View */ = {
			isa = PBXGroup;
			children = (
				CFD4AEC528515B910026277A /* Main.storyboard */,
			);
			path = View;
			sourceTree = "<group>";
		};
		CFD4AED428515E180026277A /* Model */ = {
			isa = PBXGroup;
			children = (
				CFD4AEDD285168730026277A /* MetaModel.swift */,
			);
			path = Model;
			sourceTree = "<group>";
		};
		CFD4AED528515E210026277A /* ViewModel */ = {
			isa = PBXGroup;
			children = (
				CFD4AEDF285168F20026277A /* PrincipalViewModel.swift */,
			);
			path = ViewModel;
			sourceTree = "<group>";
		};
		CFD4AED628515E2B0026277A /* Controller */ = {
			isa = PBXGroup;
			children = (
				CFD4AEC328515B910026277A /* ViewController.swift */,
				CFD4AED728515EE70026277A /* OpcionTableViewCell.swift */,
				CFD4AED9285163200026277A /* LeerViewController.swift */,
				CFD4AEDB285163330026277A /* ProductosViewController.swift */,
				CFD4AEE128516B4A0026277A /* PantallaDosViewController.swift */,
			);
			path = Controller;
			sourceTree = "<group>";
		};
		EA2F2898949B1AAE5930E492 /* Pods */ = {
			isa = PBXGroup;
			children = (
				11691E5C265ABD5F34F04016 /* Pods-Blm.debug.xcconfig */,
				AB13B87FE71C2CBF6C9859E5 /* Pods-Blm.release.xcconfig */,
			);
			name = Pods;
			path = Pods;
			sourceTree = "<group>";
		};
/* End PBXGroup section */

/* Begin PBXNativeTarget section */
		CFD4AEBB28515B910026277A /* Blm */ = {
			isa = PBXNativeTarget;
			buildConfigurationList = CFD4AED028515B920026277A /* Build configuration list for PBXNativeTarget "Blm" */;
			buildPhases = (
				5D48647FF97B10FC2047B858 /* [CP] Check Pods Manifest.lock */,
				CFD4AEB828515B910026277A /* Sources */,
				CFD4AEB928515B910026277A /* Frameworks */,
				CFD4AEBA28515B910026277A /* Resources */,
				E54C8095A555C02734C668CC /* [CP] Embed Pods Frameworks */,
			);
			buildRules = (
			);
			dependencies = (
			);
			name = Blm;
			productName = Blm;
			productReference = CFD4AEBC28515B910026277A /* Blm.app */;
			productType = "com.apple.product-type.application";
		};
/* End PBXNativeTarget section */

/* Begin PBXProject section */
		CFD4AEB428515B910026277A /* Project object */ = {
			isa = PBXProject;
			attributes = {
				BuildIndependentTargetsInParallel = 1;
				LastSwiftUpdateCheck = 1340;
				LastUpgradeCheck = 1340;
				TargetAttributes = {
					CFD4AEBB28515B910026277A = {
						CreatedOnToolsVersion = 13.4.1;
					};
				};
			};
			buildConfigurationList = CFD4AEB728515B910026277A /* Build configuration list for PBXProject "Blm" */;
			compatibilityVersion = "Xcode 13.0";
			developmentRegion = en;
			hasScannedForEncodings = 0;
			knownRegions = (
				en,
				Base,
			);
			mainGroup = CFD4AEB328515B910026277A;
			productRefGroup = CFD4AEBD28515B910026277A /* Products */;
			projectDirPath = "";
			projectRoot = "";
			targets = (
				CFD4AEBB28515B910026277A /* Blm */,
			);
		};
/* End PBXProject section */

/* Begin PBXResourcesBuildPhase section */
		CFD4AEBA28515B910026277A /* Resources */ = {
			isa = PBXResourcesBuildPhase;
			buildActionMask = 2147483647;
			files = (
				CFD4AECC28515B920026277A /* LaunchScreen.storyboard in Resources */,
				CFD4AEC928515B920026277A /* Assets.xcassets in Resources */,
				CFD4AEC728515B910026277A /* Main.storyboard in Resources */,
			);
			runOnlyForDeploymentPostprocessing = 0;
		};
/* End PBXResourcesBuildPhase section */

/* Begin PBXShellScriptBuildPhase section */
		5D48647FF97B10FC2047B858 /* [CP] Check Pods Manifest.lock */ = {
			isa = PBXShellScriptBuildPhase;
			buildActionMask = 2147483647;
			files = (
			);
			inputFileListPaths = (
			);
			inputPaths = (
				"${PODS_PODFILE_DIR_PATH}/Podfile.lock",
				"${PODS_ROOT}/Manifest.lock",
			);
			name = "[CP] Check Pods Manifest.lock";
			outputFileListPaths = (
			);
			outputPaths = (
				"$(DERIVED_FILE_DIR)/Pods-Blm-checkManifestLockResult.txt",
			);
			runOnlyForDeploymentPostprocessing = 0;
			shellPath = /bin/sh;
			shellScript = "diff \"${PODS_PODFILE_DIR_PATH}/Podfile.lock\" \"${PODS_ROOT}/Manifest.lock\" > /dev/null\nif [ $? != 0 ] ; then\n    # print error to STDERR\n    echo \"error: The sandbox is not in sync with the Podfile.lock. Run 'pod install' or update your CocoaPods installation.\" >&2\n    exit 1\nfi\n# This output is used by Xcode 'outputs' to avoid re-running this script phase.\necho \"SUCCESS\" > \"${SCRIPT_OUTPUT_FILE_0}\"\n";
			showEnvVarsInLog = 0;
		};
		E54C8095A555C02734C668CC /* [CP] Embed Pods Frameworks */ = {
			isa = PBXShellScriptBuildPhase;
			buildActionMask = 2147483647;
			files = (
			);
			inputFileListPaths = (
				"${PODS_ROOT}/Target Support Files/Pods-Blm/Pods-Blm-frameworks-${CONFIGURATION}-input-files.xcfilelist",
			);
			name = "[CP] Embed Pods Frameworks";
			outputFileListPaths = (
				"${PODS_ROOT}/Target Support Files/Pods-Blm/Pods-Blm-frameworks-${CONFIGURATION}-output-files.xcfilelist",
			);
			runOnlyForDeploymentPostprocessing = 0;
			shellPath = /bin/sh;
			shellScript = "\"${PODS_ROOT}/Target Support Files/Pods-Blm/Pods-Blm-frameworks.sh\"\n";
			showEnvVarsInLog = 0;
		};
/* End PBXShellScriptBuildPhase section */

/* Begin PBXSourcesBuildPhase section */
		CFD4AEB828515B910026277A /* Sources */ = {
			isa = PBXSourcesBuildPhase;
			buildActionMask = 2147483647;
			files = (
				CFD4AEDE285168730026277A /* MetaModel.swift in Sources */,
				CFD4AEE0285168F20026277A /* PrincipalViewModel.swift in Sources */,
				CFD4AEE228516B4A0026277A /* PantallaDosViewController.swift in Sources */,
				CFD4AEC428515B910026277A /* ViewController.swift in Sources */,
				CFD4AEC028515B910026277A /* AppDelegate.swift in Sources */,
				CFD4AEDA285163200026277A /* LeerViewController.swift in Sources */,
				CFD4AEC228515B910026277A /* SceneDelegate.swift in Sources */,
				CFD4AEDC285163330026277A /* ProductosViewController.swift in Sources */,
				CFD4AED828515EE70026277A /* OpcionTableViewCell.swift in Sources */,
			);
			runOnlyForDeploymentPostprocessing = 0;
		};
/* End PBXSourcesBuildPhase section */

/* Begin PBXVariantGroup section */
		CFD4AEC528515B910026277A /* Main.storyboard */ = {
			isa = PBXVariantGroup;
			children = (
				CFD4AEC628515B910026277A /* Base */,
			);
			name = Main.storyboard;
			sourceTree = "<group>";
		};
		CFD4AECA28515B920026277A /* LaunchScreen.storyboard */ = {
			isa = PBXVariantGroup;
			children = (
				CFD4AECB28515B920026277A /* Base */,
			);
			name = LaunchScreen.storyboard;
			sourceTree = "<group>";
		};
/* End PBXVariantGroup section */

/* Begin XCBuildConfiguration section */
		CFD4AECE28515B920026277A /* Debug */ = {
			isa = XCBuildConfiguration;
			buildSettings = {
				ALWAYS_SEARCH_USER_PATHS = NO;
				CLANG_ANALYZER_NONNULL = YES;
				CLANG_ANALYZER_NUMBER_OBJECT_CONVERSION = YES_AGGRESSIVE;
				CLANG_CXX_LANGUAGE_STANDARD = "gnu++17";
				CLANG_ENABLE_MODULES = YES;
				CLANG_ENABLE_OBJC_ARC = YES;
				CLANG_ENABLE_OBJC_WEAK = YES;
				CLANG_WARN_BLOCK_CAPTURE_AUTORELEASING = YES;
				CLANG_WARN_BOOL_CONVERSION = YES;
				CLANG_WARN_COMMA = YES;
				CLANG_WARN_CONSTANT_CONVERSION = YES;
				CLANG_WARN_DEPRECATED_OBJC_IMPLEMENTATIONS = YES;
				CLANG_WARN_DIRECT_OBJC_ISA_USAGE = YES_ERROR;
				CLANG_WARN_DOCUMENTATION_COMMENTS = YES;
				CLANG_WARN_EMPTY_BODY = YES;
				CLANG_WARN_ENUM_CONVERSION = YES;
				CLANG_WARN_INFINITE_RECURSION = YES;
				CLANG_WARN_INT_CONVERSION = YES;
				CLANG_WARN_NON_LITERAL_NULL_CONVERSION = YES;
				CLANG_WARN_OBJC_IMPLICIT_RETAIN_SELF = YES;
				CLANG_WARN_OBJC_LITERAL_CONVERSION = YES;
				CLANG_WARN_OBJC_ROOT_CLASS = YES_ERROR;
				CLANG_WARN_QUOTED_INCLUDE_IN_FRAMEWORK_HEADER = YES;
				CLANG_WARN_RANGE_LOOP_ANALYSIS = YES;
				CLANG_WARN_STRICT_PROTOTYPES = YES;
				CLANG_WARN_SUSPICIOUS_MOVE = YES;
				CLANG_WARN_UNGUARDED_AVAILABILITY = YES_AGGRESSIVE;
				CLANG_WARN_UNREACHABLE_CODE = YES;
				CLANG_WARN__DUPLICATE_METHOD_MATCH = YES;
				COPY_PHASE_STRIP = NO;
				DEBUG_INFORMATION_FORMAT = dwarf;
				ENABLE_STRICT_OBJC_MSGSEND = YES;
				ENABLE_TESTABILITY = YES;
				GCC_C_LANGUAGE_STANDARD = gnu11;
				GCC_DYNAMIC_NO_PIC = NO;
				GCC_NO_COMMON_BLOCKS = YES;
				GCC_OPTIMIZATION_LEVEL = 0;
				GCC_PREPROCESSOR_DEFINITIONS = (
					"DEBUG=1",
					"$(inherited)",
				);
				GCC_WARN_64_TO_32_BIT_CONVERSION = YES;
				GCC_WARN_ABOUT_RETURN_TYPE = YES_ERROR;
				GCC_WARN_UNDECLARED_SELECTOR = YES;
				GCC_WARN_UNINITIALIZED_AUTOS = YES_AGGRESSIVE;
				GCC_WARN_UNUSED_FUNCTION = YES;
				GCC_WARN_UNUSED_VARIABLE = YES;
				IPHONEOS_DEPLOYMENT_TARGET = 15.5;
				MTL_ENABLE_DEBUG_INFO = INCLUDE_SOURCE;
				MTL_FAST_MATH = YES;
				ONLY_ACTIVE_ARCH = YES;
				SDKROOT = iphoneos;
				SWIFT_ACTIVE_COMPILATION_CONDITIONS = DEBUG;
				SWIFT_OPTIMIZATION_LEVEL = "-Onone";
			};
			name = Debug;
		};
		CFD4AECF28515B920026277A /* Release */ = {
			isa = XCBuildConfiguration;
			buildSettings = {
				ALWAYS_SEARCH_USER_PATHS = NO;
				CLANG_ANALYZER_NONNULL = YES;
				CLANG_ANALYZER_NUMBER_OBJECT_CONVERSION = YES_AGGRESSIVE;
				CLANG_CXX_LANGUAGE_STANDARD = "gnu++17";
				CLANG_ENABLE_MODULES = YES;
				CLANG_ENABLE_OBJC_ARC = YES;
				CLANG_ENABLE_OBJC_WEAK = YES;
				CLANG_WARN_BLOCK_CAPTURE_AUTORELEASING = YES;
				CLANG_WARN_BOOL_CONVERSION = YES;
				CLANG_WARN_COMMA = YES;
				CLANG_WARN_CONSTANT_CONVERSION = YES;
				CLANG_WARN_DEPRECATED_OBJC_IMPLEMENTATIONS = YES;
				CLANG_WARN_DIRECT_OBJC_ISA_USAGE = YES_ERROR;
				CLANG_WARN_DOCUMENTATION_COMMENTS = YES;
				CLANG_WARN_EMPTY_BODY = YES;
				CLANG_WARN_ENUM_CONVERSION = YES;
				CLANG_WARN_INFINITE_RECURSION = YES;
				CLANG_WARN_INT_CONVERSION = YES;
				CLANG_WARN_NON_LITERAL_NULL_CONVERSION = YES;
				CLANG_WARN_OBJC_IMPLICIT_RETAIN_SELF = YES;
				CLANG_WARN_OBJC_LITERAL_CONVERSION = YES;
				CLANG_WARN_OBJC_ROOT_CLASS = YES_ERROR;
				CLANG_WARN_QUOTED_INCLUDE_IN_FRAMEWORK_HEADER = YES;
				CLANG_WARN_RANGE_LOOP_ANALYSIS = YES;
				CLANG_WARN_STRICT_PROTOTYPES = YES;
				CLANG_WARN_SUSPICIOUS_MOVE = YES;
				CLANG_WARN_UNGUARDED_AVAILABILITY = YES_AGGRESSIVE;
				CLANG_WARN_UNREACHABLE_CODE = YES;
				CLANG_WARN__DUPLICATE_METHOD_MATCH = YES;
				COPY_PHASE_STRIP = NO;
				DEBUG_INFORMATION_FORMAT = "dwarf-with-dsym";
				ENABLE_NS_ASSERTIONS = NO;
				ENABLE_STRICT_OBJC_MSGSEND = YES;
				GCC_C_LANGUAGE_STANDARD = gnu11;
				GCC_NO_COMMON_BLOCKS = YES;
				GCC_WARN_64_TO_32_BIT_CONVERSION = YES;
				GCC_WARN_ABOUT_RETURN_TYPE = YES_ERROR;
				GCC_WARN_UNDECLARED_SELECTOR = YES;
				GCC_WARN_UNINITIALIZED_AUTOS = YES_AGGRESSIVE;
				GCC_WARN_UNUSED_FUNCTION = YES;
				GCC_WARN_UNUSED_VARIABLE = YES;
				IPHONEOS_DEPLOYMENT_TARGET = 15.5;
				MTL_ENABLE_DEBUG_INFO = NO;
				MTL_FAST_MATH = YES;
				SDKROOT = iphoneos;
				SWIFT_COMPILATION_MODE = wholemodule;
				SWIFT_OPTIMIZATION_LEVEL = "-O";
				VALIDATE_PRODUCT = YES;
			};
			name = Release;
		};
		CFD4AED128515B920026277A /* Debug */ = {
			isa = XCBuildConfiguration;
			baseConfigurationReference = 11691E5C265ABD5F34F04016 /* Pods-Blm.debug.xcconfig */;
			buildSettings = {
				ASSETCATALOG_COMPILER_APPICON_NAME = AppIcon;
				ASSETCATALOG_COMPILER_GLOBAL_ACCENT_COLOR_NAME = AccentColor;
				CODE_SIGN_STYLE = Automatic;
				CURRENT_PROJECT_VERSION = 1;
				DEVELOPMENT_TEAM = G82XMHQM7U;
				GENERATE_INFOPLIST_FILE = YES;
				INFOPLIST_FILE = Blm/Info.plist;
				INFOPLIST_KEY_UIApplicationSupportsIndirectInputEvents = YES;
				INFOPLIST_KEY_UILaunchStoryboardName = LaunchScreen;
				INFOPLIST_KEY_UIMainStoryboardFile = Main;
				INFOPLIST_KEY_UISupportedInterfaceOrientations_iPad = "UIInterfaceOrientationPortrait UIInterfaceOrientationPortraitUpsideDown UIInterfaceOrientationLandscapeLeft UIInterfaceOrientationLandscapeRight";
				INFOPLIST_KEY_UISupportedInterfaceOrientations_iPhone = "UIInterfaceOrientationPortrait UIInterfaceOrientationLandscapeLeft UIInterfaceOrientationLandscapeRight";
				LD_RUNPATH_SEARCH_PATHS = (
					"$(inherited)",
					"@executable_path/Frameworks",
				);
				MARKETING_VERSION = 1.0;
				PRODUCT_BUNDLE_IDENTIFIER = com.katy.prueba.Blm;
				PRODUCT_NAME = "$(TARGET_NAME)";
				SWIFT_EMIT_LOC_STRINGS = YES;
				SWIFT_VERSION = 5.0;
				TARGETED_DEVICE_FAMILY = "1,2";
			};
			name = Debug;
		};
		CFD4AED228515B920026277A /* Release */ = {
			isa = XCBuildConfiguration;
			baseConfigurationReference = AB13B87FE71C2CBF6C9859E5 /* Pods-Blm.release.xcconfig */;
			buildSettings = {
				ASSETCATALOG_COMPILER_APPICON_NAME = AppIcon;
				ASSETCATALOG_COMPILER_GLOBAL_ACCENT_COLOR_NAME = AccentColor;
				CODE_SIGN_STYLE = Automatic;
				CURRENT_PROJECT_VERSION = 1;
				DEVELOPMENT_TEAM = G82XMHQM7U;
				GENERATE_INFOPLIST_FILE = YES;
				INFOPLIST_FILE = Blm/Info.plist;
				INFOPLIST_KEY_UIApplicationSupportsIndirectInputEvents = YES;
				INFOPLIST_KEY_UILaunchStoryboardName = LaunchScreen;
				INFOPLIST_KEY_UIMainStoryboardFile = Main;
				INFOPLIST_KEY_UISupportedInterfaceOrientations_iPad = "UIInterfaceOrientationPortrait UIInterfaceOrientationPortraitUpsideDown UIInterfaceOrientationLandscapeLeft UIInterfaceOrientationLandscapeRight";
				INFOPLIST_KEY_UISupportedInterfaceOrientations_iPhone = "UIInterfaceOrientationPortrait UIInterfaceOrientationLandscapeLeft UIInterfaceOrientationLandscapeRight";
				LD_RUNPATH_SEARCH_PATHS = (
					"$(inherited)",
					"@executable_path/Frameworks",
				);
				MARKETING_VERSION = 1.0;
				PRODUCT_BUNDLE_IDENTIFIER = com.katy.prueba.Blm;
				PRODUCT_NAME = "$(TARGET_NAME)";
				SWIFT_EMIT_LOC_STRINGS = YES;
				SWIFT_VERSION = 5.0;
				TARGETED_DEVICE_FAMILY = "1,2";
			};
			name = Release;
		};
/* End XCBuildConfiguration section */

/* Begin XCConfigurationList section */
		CFD4AEB728515B910026277A /* Build configuration list for PBXProject "Blm" */ = {
			isa = XCConfigurationList;
			buildConfigurations = (
				CFD4AECE28515B920026277A /* Debug */,
				CFD4AECF28515B920026277A /* Release */,
			);
			defaultConfigurationIsVisible = 0;
			defaultConfigurationName = Release;
		};
		CFD4AED028515B920026277A /* Build configuration list for PBXNativeTarget "Blm" */ = {
			isa = XCConfigurationList;
			buildConfigurations = (
				CFD4AED128515B920026277A /* Debug */,
				CFD4AED228515B920026277A /* Release */,
			);
			defaultConfigurationIsVisible = 0;
			defaultConfigurationName = Release;
		};
/* End XCConfigurationList section */
	};
	rootObject = CFD4AEB428515B910026277A /* Project object */;
}
